
Microsoft Visual Studio Solution File, Format Version 12.00
# Visual Studio 2013
VisualStudioVersion = 12.0.21005.1
MinimumVisualStudioVersion = 10.0.40219.1
Project("{FAE04EC0-301F-11D3-BF4B-00C04F79EFBC}") = "Layer", "Layer\Layer.csproj", "{20717728-3C6B-435C-8DFF-1DABE6657E32}"
EndProject
Project("{FAE04EC0-301F-11D3-BF4B-00C04F79EFBC}") = "eSaleService", "eSaleService\eSaleService.csproj", "{6E6DADDF-F314-4124-953F-E5F2E23781D9}"
EndProject
Project("{FAE04EC0-301F-11D3-BF4B-00C04F79EFBC}") = "eSaleModel", "eSaleModel\eSaleModel.csproj", "{273A80C9-3B93-486D-AD30-2BD2FA68E876}"
EndProject
Project("{FAE04EC0-301F-11D3-BF4B-00C04F79EFBC}") = "eSaleDao", "eSaleDao\eSaleDao.csproj", "{26FEE644-2A8D-4FC0-8518-5CB794E6C659}"
EndProject
Project("{FAE04EC0-301F-11D3-BF4B-00C04F79EFBC}") = "eSaleWin", "eSaleWin\eSaleWin.csproj", "{C59B9649-9871-4786-AEE0-C41A9DD0967B}"
EndProject
Project("{FAE04EC0-301F-11D3-BF4B-00C04F79EFBC}") = "eSaleXlsDao", "eSaleXlsDao\eSaleXlsDao.csproj", "{DF96691C-513B-4A9D-96C0-1574A3B85D2B}"
EndProject
Global
	GlobalSection(SolutionConfigurationPlatforms) = preSolution
		Debug|Any CPU = Debug|Any CPU
		Release|Any CPU = Release|Any CPU
	EndGlobalSection
	GlobalSection(ProjectConfigurationPlatforms) = postSolution
		{20717728-3C6B-435C-8DFF-1DABE6657E32}.Debug|Any CPU.ActiveCfg = Debug|Any CPU
		{20717728-3C6B-435C-8DFF-1DABE6657E32}.Debug|Any CPU.Build.0 = Debug|Any CPU
		{20717728-3C6B-435C-8DFF-1DABE6657E32}.Release|Any CPU.ActiveCfg = Release|Any CPU
		{20717728-3C6B-435C-8DFF-1DABE6657E32}.Release|Any CPU.Build.0 = Release|Any CPU
		{6E6DADDF-F314-4124-953F-E5F2E23781D9}.Debug|Any CPU.ActiveCfg = Debug|Any CPU
		{6E6DADDF-F314-4124-953F-E5F2E23781D9}.Debug|Any CPU.Build.0 = Debug|Any CPU
		{6E6DADDF-F314-4124-953F-E5F2E23781D9}.Release|Any CPU.ActiveCfg = Release|Any CPU
		{6E6DADDF-F314-4124-953F-E5F2E23781D9}.Release|Any CPU.Build.0 = Release|Any CPU
		{273A80C9-3B93-486D-AD30-2BD2FA68E876}.Debug|Any CPU.ActiveCfg = Debug|Any CPU
		{273A80C9-3B93-486D-AD30-2BD2FA68E876}.Debug|Any CPU.Build.0 = Debug|Any CPU
		{273A80C9-3B93-486D-AD30-2BD2FA68E876}.Release|Any CPU.ActiveCfg = Release|Any CPU
		{273A80C9-3B93-486D-AD30-2BD2FA68E876}.Release|Any CPU.Build.0 = Release|Any CPU
		{26FEE644-2A8D-4FC0-8518-5CB794E6C659}.Debug|Any CPU.ActiveCfg = Debug|Any CPU
		{26FEE644-2A8D-4FC0-8518-5CB794E6C659}.Debug|Any CPU.Build.0 = Debug|Any CPU
		{26FEE644-2A8D-4FC0-8518-5CB794E6C659}.Release|Any CPU.ActiveCfg = Release|Any CPU
		{26FEE644-2A8D-4FC0-8518-5CB794E6C659}.Release|Any CPU.Build.0 = Release|Any CPU
		{C59B9649-9871-4786-AEE0-C41A9DD0967B}.Debug|Any CPU.ActiveCfg = Debug|Any CPU
		{C59B9649-9871-4786-AEE0-C41A9DD0967B}.Debug|Any CPU.Build.0 = Debug|Any CPU
		{C59B9649-9871-4786-AEE0-C41A9DD0967B}.Release|Any CPU.ActiveCfg = Release|Any CPU
		{C59B9649-9871-4786-AEE0-C41A9DD0967B}.Release|Any CPU.Build.0 = Release|Any CPU
		{DF96691C-513B-4A9D-96C0-1574A3B85D2B}.Debug|Any CPU.ActiveCfg = Debug|Any CPU
		{DF96691C-513B-4A9D-96C0-1574A3B85D2B}.Debug|Any CPU.Build.0 = Debug|Any CPU
		{DF96691C-513B-4A9D-96C0-1574A3B85D2B}.Release|Any CPU.ActiveCfg = Release|Any CPU
		{DF96691C-513B-4A9D-96C0-1574A3B85D2B}.Release|Any CPU.Build.0 = Release|Any CPU
	EndGlobalSection
	GlobalSection(SolutionProperties) = preSolution
		HideSolutionNode = FALSE
	EndGlobalSection
EndGlobal
